// !$*UTF8*$!
{
	archiveVersion = 1;
	classes = {
	};
	objectVersion = 46;
	objects = {

/* Begin PBXBuildFile section */
		88DD99231D23875500F672AA /* AppDelegate.swift in Sources */ = {isa = PBXBuildFile; fileRef = 88DD99221D23875500F672AA /* AppDelegate.swift */; };
		88DD99251D23875500F672AA /* ViewController.swift in Sources */ = {isa = PBXBuildFile; fileRef = 88DD99241D23875500F672AA /* ViewController.swift */; };
		88DD99281D23875500F672AA /* Main.storyboard in Resources */ = {isa = PBXBuildFile; fileRef = 88DD99261D23875500F672AA /* Main.storyboard */; };
		88DD992A1D23875500F672AA /* Assets.xcassets in Resources */ = {isa = PBXBuildFile; fileRef = 88DD99291D23875500F672AA /* Assets.xcassets */; };
		88DD992D1D23875500F672AA /* LaunchScreen.storyboard in Resources */ = {isa = PBXBuildFile; fileRef = 88DD992B1D23875500F672AA /* LaunchScreen.storyboard */; };
/* End PBXBuildFile section */

/* Begin PBXFileReference section */
		88DD991F1D23875500F672AA /* NSUserDefaultsTest.app */ = {isa = PBXFileReference; explicitFileType = wrapper.application; includeInIndex = 0; path = NSUserDefaultsTest.app; sourceTree = BUILT_PRODUCTS_DIR; };
		88DD99221D23875500F672AA /* AppDelegate.swift */ = {isa = PBXFileReference; lastKnownFileType = sourcecode.swift; path = AppDelegate.swift; sourceTree = "<group>"; };
		88DD99241D23875500F672AA /* ViewController.swift */ = {isa = PBXFileReference; lastKnownFileType = sourcecode.swift; path = ViewController.swift; sourceTree = "<group>"; };
		88DD99271D23875500F672AA /* Base */ = {isa = PBXFileReference; lastKnownFileType = file.storyboard; name = Base; path = Base.lproj/Main.storyboard; sourceTree = "<group>"; };
		88DD99291D23875500F672AA /* Assets.xcassets */ = {isa = PBXFileReference; lastKnownFileType = folder.assetcatalog; path = Assets.xcassets; sourceTree = "<group>"; };
		88DD992C1D23875500F672AA /* Base */ = {isa = PBXFileReference; lastKnownFileType = file.storyboard; name = Base; path = Base.lproj/LaunchScreen.storyboard; sourceTree = "<group>"; };
		88DD992E1D23875500F672AA /* Info.plist */ = {isa = PBXFileReference; lastKnownFileType = text.plist.xml; path = Info.plist; sourceTree = "<group>"; };
/* End PBXFileReference section */

/* Begin PBXFrameworksBuildPhase section */
		88DD991C1D23875500F672AA /* Frameworks */ = {
			isa = PBXFrameworksBuildPhase;
			buildActionMask = 2147483647;
			files = (
			);
			runOnlyForDeploymentPostprocessing = 0;
		};
/* End PBXFrameworksBuildPhase section */

/* Begin PBXGroup section */
		88DD99161D23875500F672AA = {
			isa = PBXGroup;
			children = (
				88DD99211D23875500F672AA /* NSUserDefaultsTest */,
				88DD99201D23875500F672AA /* Products */,
			);
			sourceTree = "<group>";
		};
		88DD99201D23875500F672AA /* Products */ = {
			isa = PBXGroup;
			children = (
				88DD991F1D23875500F672AA /* NSUserDefaultsTest.app */,
			);
			name = Products;
			sourceTree = "<group>";
		};
		88DD99211D23875500F672AA /* NSUserDefaultsTest */ = {
			isa = PBXGroup;
			children = (
				88DD99221D23875500F672AA /* AppDelegate.swift */,
				88DD99241D23875500F672AA /* ViewController.swift */,
				88DD99261D23875500F672AA /* Main.storyboard */,
				88DD99291D23875500F672AA /* Assets.xcassets */,
				88DD992B1D23875500F672AA /* LaunchScreen.storyboard */,
				88DD992E1D23875500F672AA /* Info.plist */,
			);
			path = NSUserDefaultsTest;
			sourceTree = "<group>";
		};
/* End PBXGroup section */

/* Begin PBXNativeTarget section */
		88DD991E1D23875500F672AA /* NSUserDefaultsTest */ = {
			isa = PBXNativeTarget;
			buildConfigurationList = 88DD99311D23875500F672AA /* Build configuration list for PBXNativeTarget "NSUserDefaultsTest" */;
			buildPhases = (
				88DD991B1D23875500F672AA /* Sources */,
				88DD991C1D23875500F672AA /* Frameworks */,
				88DD991D1D23875500F672AA /* Resources */,
			);
			buildRules = (
			);
			dependencies = (
			);
			name = NSUserDefaultsTest;
			productName = NSUserDefaultsTest;
			productReference = 88DD991F1D23875500F672AA /* NSUserDefaultsTest.app */;
			productType = "com.apple.product-type.application";
		};
/* End PBXNativeTarget section */

/* Begin PBXProject section */
		88DD99171D23875500F672AA /* Project object */ = {
			isa = PBXProject;
			attributes = {
				LastSwiftUpdateCheck = 0720;
				LastUpgradeCheck = 0720;
				ORGANIZATIONNAME = TestOrganization;
				TargetAttributes = {
					88DD991E1D23875500F672AA = {
						CreatedOnToolsVersion = 7.2.1;
					};
				};
			};
			buildConfigurationList = 88DD991A1D23875500F672AA /* Build configuration list for PBXProject "NSUserDefaultsTest" */;
			compatibilityVersion = "Xcode 3.2";
			developmentRegion = English;
			hasScannedForEncodings = 0;
			knownRegions = (
				en,
				Base,
			);
			mainGroup = 88DD99161D23875500F672AA;
			productRefGroup = 88DD99201D23875500F672AA /* Products */;
			projectDirPath = "";
			projectRoot = "";
			targets = (
				88DD991E1D23875500F672AA /* NSUserDefaultsTest */,
			);
		};
/* End PBXProject section */

/* Begin PBXResourcesBuildPhase section */
		88DD991D1D23875500F672AA /* Resources */ = {
			isa = PBXResourcesBuildPhase;
			buildActionMask = 2147483647;
			files = (
				88DD992D1D23875500F672AA /* LaunchScreen.storyboard in Resources */,
				88DD992A1D23875500F672AA /* Assets.xcassets in Resources */,
				88DD99281D23875500F672AA /* Main.storyboard in Resources */,
			);
			runOnlyForDeploymentPostprocessing = 0;
		};
/* End PBXResourcesBuildPhase section */

/* Begin PBXSourcesBuildPhase section */
		88DD991B1D23875500F672AA /* Sources */ = {
			isa = PBXSourcesBuildPhase;
			buildActionMask = 2147483647;
			files = (
				88DD99251D23875500F672AA /* ViewController.swift in Sources */,
				88DD99231D23875500F672AA /* AppDelegate.swift in Sources */,
			);
			runOnlyForDeploymentPostprocessing = 0;
		};
/* End PBXSourcesBuildPhase section */

/* Begin PBXVariantGroup section */
		88DD99261D23875500F672AA /* Main.storyboard */ = {
			isa = PBXVariantGroup;
			children = (
				88DD99271D23875500F672AA /* Base */,
			);
			name = Main.storyboard;
			sourceTree = "<group>";
		};
		88DD992B1D23875500F672AA /* LaunchScreen.storyboard */ = {
			isa = PBXVariantGroup;
			children = (
				88DD992C1D23875500F672AA /* Base */,
			);
			name = LaunchScreen.storyboard;
			sourceTree = "<group>";
		};
/* End PBXVariantGroup section */

/* Begin XCBuildConfiguration section */
		88DD992F1D23875500F672AA /* Debug */ = {
			isa = XCBuildConfiguration;
			buildSettings = {
				ALWAYS_SEARCH_USER_PATHS = NO;
				CLANG_CXX_LANGUAGE_STANDARD = "gnu++0x";
				CLANG_CXX_LIBRARY = "libc++";
				CLANG_ENABLE_MODULES = YES;
				CLANG_ENABLE_OBJC_ARC = YES;
				CLANG_WARN_BOOL_CONVERSION = YES;
				CLANG_WARN_CONSTANT_CONVERSION = YES;
				CLANG_WARN_DIRECT_OBJC_ISA_USAGE = YES_ERROR;
				CLANG_WARN_EMPTY_BODY = YES;
				CLANG_WARN_ENUM_CONVERSION = YES;
				CLANG_WARN_INT_CONVERSION = YES;
				CLANG_WARN_OBJC_ROOT_CLASS = YES_ERROR;
				CLANG_WARN_UNREACHABLE_CODE = YES;
				CLANG_WARN__DUPLICATE_METHOD_MATCH = YES;
				"CODE_SIGN_IDENTITY[sdk=iphoneos*]" = "iPhone Developer";
				COPY_PHASE_STRIP = NO;
				DEBUG_INFORMATION_FORMAT = dwarf;
				ENABLE_STRICT_OBJC_MSGSEND = YES;
				ENABLE_TESTABILITY = YES;
				GCC_C_LANGUAGE_STANDARD = gnu99;
				GCC_DYNAMIC_NO_PIC = NO;
				GCC_NO_COMMON_BLOCKS = YES;
				GCC_OPTIMIZATION_LEVEL = 0;
				GCC_PREPROCESSOR_DEFINITIONS = (
					"DEBUG=1",
					"$(inherited)",
				);
				GCC_WARN_64_TO_32_BIT_CONVERSION = YES;
				GCC_WARN_ABOUT_RETURN_TYPE = YES_ERROR;
				GCC_WARN_UNDECLARED_SELECTOR = YES;
				GCC_WARN_UNINITIALIZED_AUTOS = YES_AGGRESSIVE;
				GCC_WARN_UNUSED_FUNCTION = YES;
				GCC_WARN_UNUSED_VARIABLE = YES;
				IPHONEOS_DEPLOYMENT_TARGET = 9.2;
				MTL_ENABLE_DEBUG_INFO = YES;
				ONLY_ACTIVE_ARCH = YES;
				SDKROOT = iphoneos;
				SWIFT_OPTIMIZATION_LEVEL = "-Onone";
				TARGETED_DEVICE_FAMILY = "1,2";
			};
			name = Debug;
		};
		88DD99301D23875500F672AA /* Release */ = {
			isa = XCBuildConfiguration;
			buildSettings = {
				ALWAYS_SEARCH_USER_PATHS = NO;
				CLANG_CXX_LANGUAGE_STANDARD = "gnu++0x";
				CLANG_CXX_LIBRARY = "libc++";
				CLANG_ENABLE_MODULES = YES;
				CLANG_ENABLE_OBJC_ARC = YES;
				CLANG_WARN_BOOL_CONVERSION = YES;
				CLANG_WARN_CONSTANT_CONVERSION = YES;
				CLANG_WARN_DIRECT_OBJC_ISA_USAGE = YES_ERROR;
				CLANG_WARN_EMPTY_BODY = YES;
				CLANG_WARN_ENUM_CONVERSION = YES;
				CLANG_WARN_INT_CONVERSION = YES;
				CLANG_WARN_OBJC_ROOT_CLASS = YES_ERROR;
				CLANG_WARN_UNREACHABLE_CODE = YES;
				CLANG_WARN__DUPLICATE_METHOD_MATCH = YES;
				"CODE_SIGN_IDENTITY[sdk=iphoneos*]" = "iPhone Developer";
				COPY_PHASE_STRIP = NO;
				DEBUG_INFORMATION_FORMAT = "dwarf-with-dsym";
				ENABLE_NS_ASSERTIONS = NO;
				ENABLE_STRICT_OBJC_MSGSEND = YES;
				GCC_C_LANGUAGE_STANDARD = gnu99;
				GCC_NO_COMMON_BLOCKS = YES;
				GCC_WARN_64_TO_32_BIT_CONVERSION = YES;
				GCC_WARN_ABOUT_RETURN_TYPE = YES_ERROR;
				GCC_WARN_UNDECLARED_SELECTOR = YES;
				GCC_WARN_UNINITIALIZED_AUTOS = YES_AGGRESSIVE;
				GCC_WARN_UNUSED_FUNCTION = YES;
				GCC_WARN_UNUSED_VARIABLE = YES;
				IPHONEOS_DEPLOYMENT_TARGET = 9.2;
				MTL_ENABLE_DEBUG_INFO = NO;
				SDKROOT = iphoneos;
				TARGETED_DEVICE_FAMILY = "1,2";
				VALIDATE_PRODUCT = YES;
			};
			name = Release;
		};
		88DD99321D23875500F672AA /* Debug */ = {
			isa = XCBuildConfiguration;
			buildSettings = {
				ASSETCATALOG_COMPILER_APPICON_NAME = AppIcon;
				INFOPLIST_FILE = NSUserDefaultsTest/Info.plist;
				LD_RUNPATH_SEARCH_PATHS = "$(inherited) @executable_path/Frameworks";
				PRODUCT_BUNDLE_IDENTIFIER = com.test.NSUserDefaultsTest;
				PRODUCT_NAME = "$(TARGET_NAME)";
			};
			name = Debug;
		};
		88DD99331D23875500F672AA /* Release */ = {
			isa = XCBuildConfiguration;
			buildSettings = {
				ASSETCATALOG_COMPILER_APPICON_NAME = AppIcon;
				INFOPLIST_FILE = NSUserDefaultsTest/Info.plist;
				LD_RUNPATH_SEARCH_PATHS = "$(inherited) @executable_path/Frameworks";
				PRODUCT_BUNDLE_IDENTIFIER = com.test.NSUserDefaultsTest;
				PRODUCT_NAME = "$(TARGET_NAME)";
			};
			name = Release;
		};
/* End XCBuildConfiguration section */

/* Begin XCConfigurationList section */
		88DD991A1D23875500F672AA /* Build configuration list for PBXProject "NSUserDefaultsTest" */ = {
			isa = XCConfigurationList;
			buildConfigurations = (
				88DD992F1D23875500F672AA /* Debug */,
				88DD99301D23875500F672AA /* Release */,
			);
			defaultConfigurationIsVisible = 0;
			defaultConfigurationName = Release;
		};
		88DD99311D23875500F672AA /* Build configuration list for PBXNativeTarget "NSUserDefaultsTest" */ = {
			isa = XCConfigurationList;
			buildConfigurations = (
				88DD99321D23875500F672AA /* Debug */,
				88DD99331D23875500F672AA /* Release */,
			);
			defaultConfigurationIsVisible = 0;
		};
/* End XCConfigurationList section */
	};
	rootObject = 88DD99171D23875500F672AA /* Project object */;
}
